
Microsoft Visual Studio Solution File, Format Version 12.00
# Visual Studio Version 17
VisualStudioVersion = 17.9.34616.47
MinimumVisualStudioVersion = 10.0.40219.1
Project("{FAE04EC0-301F-11D3-BF4B-00C04F79EFBC}") = "EpiScarpe&Co", "EpiScarpe&Co.csproj", "{B5DFDD7F-2039-4116-9BD4-D4BEF0A2DF6F}"
EndProject
Global
	GlobalSection(SolutionConfigurationPlatforms) = preSolution
		Debug|Any CPU = Debug|Any CPU
		Release|Any CPU = Release|Any CPU
	EndGlobalSection
	GlobalSection(ProjectConfigurationPlatforms) = postSolution
		{B5DFDD7F-2039-4116-9BD4-D4BEF0A2DF6F}.Debug|Any CPU.ActiveCfg = Debug|Any CPU
		{B5DFDD7F-2039-4116-9BD4-D4BEF0A2DF6F}.Debug|Any CPU.Build.0 = Debug|Any CPU
		{B5DFDD7F-2039-4116-9BD4-D4BEF0A2DF6F}.Release|Any CPU.ActiveCfg = Release|Any CPU
		{B5DFDD7F-2039-4116-9BD4-D4BEF0A2DF6F}.Release|Any CPU.Build.0 = Release|Any CPU
	EndGlobalSection
	GlobalSection(SolutionProperties) = preSolution
		HideSolutionNode = FALSE
	EndGlobalSection
	GlobalSection(ExtensibilityGlobals) = postSolution
		SolutionGuid = {C7608C08-3F9D-4FAE-AEBD-38030236AC2A}
	EndGlobalSection
EndGlobal
